
Microsoft Visual Studio Solution File, Format Version 12.00
# Visual Studio Version 16
VisualStudioVersion = 16.0.30717.126
MinimumVisualStudioVersion = 10.0.40219.1
Project("{9A19103F-16F7-4668-BE54-9A1E7A4F7556}") = "FindSelf.API", "FindSelf.API\FindSelf.API.csproj", "{7080FDE0-5EC3-4B90-8210-F980B7D69D13}"
EndProject
Project("{9A19103F-16F7-4668-BE54-9A1E7A4F7556}") = "FindSelf.Domain", "FindSelf.Domain\FindSelf.Domain.csproj", "{DB80F32C-68FB-49F8-AAB9-B08DD95552BB}"
EndProject
Project("{9A19103F-16F7-4668-BE54-9A1E7A4F7556}") = "FindSelf.Application", "FindSelf.Application\FindSelf.Application.csproj", "{501BD1B3-8A95-41A1-9522-329CB7F686AB}"
EndProject
Project("{9A19103F-16F7-4668-BE54-9A1E7A4F7556}") = "FindSelf.Infrastructure", "FindSelf.Infrastructure\FindSelf.Infrastructure.csproj", "{C75F4E92-7069-4080-BC00-DE6305FE7499}"
EndProject
Project("{2150E333-8FDC-42A3-9474-1A3956D46DE8}") = "Tests", "Tests", "{27C1D761-4FCA-4530-9258-749573B3C6B8}"
EndProject
Project("{9A19103F-16F7-4668-BE54-9A1E7A4F7556}") = "FindSelf.UnitTests", "FindSelf.UnitTests\FindSelf.UnitTests.csproj", "{E8D1FC6A-D98F-4E4C-B84C-6A4FE9098176}"
EndProject
Project("{2150E333-8FDC-42A3-9474-1A3956D46DE8}") = "src", "src", "{B7F79C13-5566-4D2D-AB6C-26E960BECA7C}"
EndProject
Project("{2150E333-8FDC-42A3-9474-1A3956D46DE8}") = "FindSelf", "FindSelf", "{B291C73F-CD4E-46EC-AFA5-BBB8AD5379B2}"
EndProject
Project("{2150E333-8FDC-42A3-9474-1A3956D46DE8}") = "WebApp", "WebApp", "{886230A4-DEDE-4A25-9C4D-0A763BFE3C53}"
EndProject
Project("{2150E333-8FDC-42A3-9474-1A3956D46DE8}") = "Serivces", "Serivces", "{B3953AFA-DB23-4BC5-805E-79162C141A0A}"
EndProject
Project("{2150E333-8FDC-42A3-9474-1A3956D46DE8}") = "BuildBlocks", "BuildBlocks", "{544F4F11-9C65-4002-9C14-84DCD016B604}"
EndProject
Project("{2150E333-8FDC-42A3-9474-1A3956D46DE8}") = "test", "test", "{B3D0E84F-B9EF-47BB-BB14-E1F2BBA57800}"
EndProject
Project("{9A19103F-16F7-4668-BE54-9A1E7A4F7556}") = "WebMVC", "WebApps\WebMVC\WebMVC.csproj", "{7AC7A071-8B15-4FC3-AECE-D41E60CB4611}"
EndProject
Project("{2150E333-8FDC-42A3-9474-1A3956D46DE8}") = "Lib", "Lib", "{07E5D35B-5BD2-4637-95DF-0890458A8D09}"
EndProject
Project("{FAE04EC0-301F-11D3-BF4B-00C04F79EFBC}") = "Utils", "BuildBlocks\Utils\Utils.csproj", "{B6686A99-E478-4523-B113-C0A63BFA37FB}"
EndProject
Project("{2150E333-8FDC-42A3-9474-1A3956D46DE8}") = "Tests", "Tests", "{A1BC4447-3B8A-400A-916F-4111391C2370}"
EndProject
Project("{FAE04EC0-301F-11D3-BF4B-00C04F79EFBC}") = "UtilsTests", "BuildBlocks\UtilsTests\UtilsTests.csproj", "{5801BD25-3193-4456-982C-0823E1FC3923}"
EndProject
Global
	GlobalSection(SolutionConfigurationPlatforms) = preSolution
		Debug|Any CPU = Debug|Any CPU
		Release|Any CPU = Release|Any CPU
	EndGlobalSection
	GlobalSection(ProjectConfigurationPlatforms) = postSolution
		{7080FDE0-5EC3-4B90-8210-F980B7D69D13}.Debug|Any CPU.ActiveCfg = Debug|Any CPU
		{7080FDE0-5EC3-4B90-8210-F980B7D69D13}.Debug|Any CPU.Build.0 = Debug|Any CPU
		{7080FDE0-5EC3-4B90-8210-F980B7D69D13}.Release|Any CPU.ActiveCfg = Release|Any CPU
		{7080FDE0-5EC3-4B90-8210-F980B7D69D13}.Release|Any CPU.Build.0 = Release|Any CPU
		{DB80F32C-68FB-49F8-AAB9-B08DD95552BB}.Debug|Any CPU.ActiveCfg = Debug|Any CPU
		{DB80F32C-68FB-49F8-AAB9-B08DD95552BB}.Debug|Any CPU.Build.0 = Debug|Any CPU
		{DB80F32C-68FB-49F8-AAB9-B08DD95552BB}.Release|Any CPU.ActiveCfg = Release|Any CPU
		{DB80F32C-68FB-49F8-AAB9-B08DD95552BB}.Release|Any CPU.Build.0 = Release|Any CPU
		{501BD1B3-8A95-41A1-9522-329CB7F686AB}.Debug|Any CPU.ActiveCfg = Debug|Any CPU
		{501BD1B3-8A95-41A1-9522-329CB7F686AB}.Debug|Any CPU.Build.0 = Debug|Any CPU
		{501BD1B3-8A95-41A1-9522-329CB7F686AB}.Release|Any CPU.ActiveCfg = Release|Any CPU
		{501BD1B3-8A95-41A1-9522-329CB7F686AB}.Release|Any CPU.Build.0 = Release|Any CPU
		{C75F4E92-7069-4080-BC00-DE6305FE7499}.Debug|Any CPU.ActiveCfg = Debug|Any CPU
		{C75F4E92-7069-4080-BC00-DE6305FE7499}.Debug|Any CPU.Build.0 = Debug|Any CPU
		{C75F4E92-7069-4080-BC00-DE6305FE7499}.Release|Any CPU.ActiveCfg = Release|Any CPU
		{C75F4E92-7069-4080-BC00-DE6305FE7499}.Release|Any CPU.Build.0 = Release|Any CPU
		{E8D1FC6A-D98F-4E4C-B84C-6A4FE9098176}.Debug|Any CPU.ActiveCfg = Debug|Any CPU
		{E8D1FC6A-D98F-4E4C-B84C-6A4FE9098176}.Debug|Any CPU.Build.0 = Debug|Any CPU
		{E8D1FC6A-D98F-4E4C-B84C-6A4FE9098176}.Release|Any CPU.ActiveCfg = Release|Any CPU
		{E8D1FC6A-D98F-4E4C-B84C-6A4FE9098176}.Release|Any CPU.Build.0 = Release|Any CPU
		{7AC7A071-8B15-4FC3-AECE-D41E60CB4611}.Debug|Any CPU.ActiveCfg = Debug|Any CPU
		{7AC7A071-8B15-4FC3-AECE-D41E60CB4611}.Debug|Any CPU.Build.0 = Debug|Any CPU
		{7AC7A071-8B15-4FC3-AECE-D41E60CB4611}.Release|Any CPU.ActiveCfg = Release|Any CPU
		{7AC7A071-8B15-4FC3-AECE-D41E60CB4611}.Release|Any CPU.Build.0 = Release|Any CPU
		{B6686A99-E478-4523-B113-C0A63BFA37FB}.Debug|Any CPU.ActiveCfg = Debug|Any CPU
		{B6686A99-E478-4523-B113-C0A63BFA37FB}.Debug|Any CPU.Build.0 = Debug|Any CPU
		{B6686A99-E478-4523-B113-C0A63BFA37FB}.Release|Any CPU.ActiveCfg = Release|Any CPU
		{B6686A99-E478-4523-B113-C0A63BFA37FB}.Release|Any CPU.Build.0 = Release|Any CPU
		{5801BD25-3193-4456-982C-0823E1FC3923}.Debug|Any CPU.ActiveCfg = Debug|Any CPU
		{5801BD25-3193-4456-982C-0823E1FC3923}.Debug|Any CPU.Build.0 = Debug|Any CPU
		{5801BD25-3193-4456-982C-0823E1FC3923}.Release|Any CPU.ActiveCfg = Release|Any CPU
		{5801BD25-3193-4456-982C-0823E1FC3923}.Release|Any CPU.Build.0 = Release|Any CPU
	EndGlobalSection
	GlobalSection(SolutionProperties) = preSolution
		HideSolutionNode = FALSE
	EndGlobalSection
	GlobalSection(NestedProjects) = preSolution
		{7080FDE0-5EC3-4B90-8210-F980B7D69D13} = {B291C73F-CD4E-46EC-AFA5-BBB8AD5379B2}
		{DB80F32C-68FB-49F8-AAB9-B08DD95552BB} = {B291C73F-CD4E-46EC-AFA5-BBB8AD5379B2}
		{501BD1B3-8A95-41A1-9522-329CB7F686AB} = {B291C73F-CD4E-46EC-AFA5-BBB8AD5379B2}
		{C75F4E92-7069-4080-BC00-DE6305FE7499} = {B291C73F-CD4E-46EC-AFA5-BBB8AD5379B2}
		{27C1D761-4FCA-4530-9258-749573B3C6B8} = {B291C73F-CD4E-46EC-AFA5-BBB8AD5379B2}
		{E8D1FC6A-D98F-4E4C-B84C-6A4FE9098176} = {27C1D761-4FCA-4530-9258-749573B3C6B8}
		{B291C73F-CD4E-46EC-AFA5-BBB8AD5379B2} = {B3953AFA-DB23-4BC5-805E-79162C141A0A}
		{886230A4-DEDE-4A25-9C4D-0A763BFE3C53} = {B7F79C13-5566-4D2D-AB6C-26E960BECA7C}
		{B3953AFA-DB23-4BC5-805E-79162C141A0A} = {B7F79C13-5566-4D2D-AB6C-26E960BECA7C}
		{544F4F11-9C65-4002-9C14-84DCD016B604} = {B7F79C13-5566-4D2D-AB6C-26E960BECA7C}
		{7AC7A071-8B15-4FC3-AECE-D41E60CB4611} = {886230A4-DEDE-4A25-9C4D-0A763BFE3C53}
		{07E5D35B-5BD2-4637-95DF-0890458A8D09} = {544F4F11-9C65-4002-9C14-84DCD016B604}
		{B6686A99-E478-4523-B113-C0A63BFA37FB} = {07E5D35B-5BD2-4637-95DF-0890458A8D09}
		{A1BC4447-3B8A-400A-916F-4111391C2370} = {544F4F11-9C65-4002-9C14-84DCD016B604}
		{5801BD25-3193-4456-982C-0823E1FC3923} = {A1BC4447-3B8A-400A-916F-4111391C2370}
	EndGlobalSection
	GlobalSection(ExtensibilityGlobals) = postSolution
		SolutionGuid = {F772C9F3-2153-4A2A-A0CF-E7228E281384}
	EndGlobalSection
EndGlobal
